
Microsoft Visual Studio Solution File, Format Version 12.00
# Visual Studio Version 17
VisualStudioVersion = 17.0.31903.59
MinimumVisualStudioVersion = 10.0.40219.1
Project("{FAE04EC0-301F-11D3-BF4B-00C04F79EFBC}") = "UniFlow.Entity", "UniFlow.Entity\UniFlow.Entity.csproj", "{6024B037-9748-497F-8703-2E47ACBFD55A}"
EndProject
Project("{FAE04EC0-301F-11D3-BF4B-00C04F79EFBC}") = "UniFlow.DataAccess", "UniFlow.DataAccess\UniFlow.DataAccess.csproj", "{93EAF282-63B4-4F93-BD92-69D612E49761}"
EndProject
Project("{FAE04EC0-301F-11D3-BF4B-00C04F79EFBC}") = "UniFlow.Business", "UniFlow.Business\UniFlow.Business.csproj", "{084E1320-98AF-454B-BEF3-3E21C9A5566E}"
EndProject
Project("{FAE04EC0-301F-11D3-BF4B-00C04F79EFBC}") = "UniFlow.API", "UniFlow.API\UniFlow.API.csproj", "{703559B5-8DC1-4C31-B4A8-BC04A0E184FA}"
EndProject
Project("{2150E333-8FDC-42A3-9474-1A3956D46DE8}") = "tests", "tests", "{0AB3BF05-4346-4AA6-1389-037BE0695223}"
EndProject
Project("{FAE04EC0-301F-11D3-BF4B-00C04F79EFBC}") = "UniFlow.Business.Tests", "tests\UniFlow.Business.Tests\UniFlow.Business.Tests.csproj", "{C9C417BA-F586-4199-9AEA-C19248C64FF0}"
EndProject
Project("{FAE04EC0-301F-11D3-BF4B-00C04F79EFBC}") = "UniFlow.API.Tests", "tests\UniFlow.API.Tests\UniFlow.API.Tests.csproj", "{EE94EFF4-2022-4DD4-B3F0-1059A4770DA2}"
EndProject
Global
	GlobalSection(SolutionConfigurationPlatforms) = preSolution
		Debug|Any CPU = Debug|Any CPU
		Debug|x64 = Debug|x64
		Debug|x86 = Debug|x86
		Release|Any CPU = Release|Any CPU
		Release|x64 = Release|x64
		Release|x86 = Release|x86
	EndGlobalSection
	GlobalSection(ProjectConfigurationPlatforms) = postSolution
		{6024B037-9748-497F-8703-2E47ACBFD55A}.Debug|Any CPU.ActiveCfg = Debug|Any CPU
		{6024B037-9748-497F-8703-2E47ACBFD55A}.Debug|Any CPU.Build.0 = Debug|Any CPU
		{6024B037-9748-497F-8703-2E47ACBFD55A}.Debug|x64.ActiveCfg = Debug|Any CPU
		{6024B037-9748-497F-8703-2E47ACBFD55A}.Debug|x64.Build.0 = Debug|Any CPU
		{6024B037-9748-497F-8703-2E47ACBFD55A}.Debug|x86.ActiveCfg = Debug|Any CPU
		{6024B037-9748-497F-8703-2E47ACBFD55A}.Debug|x86.Build.0 = Debug|Any CPU
		{6024B037-9748-497F-8703-2E47ACBFD55A}.Release|Any CPU.ActiveCfg = Release|Any CPU
		{6024B037-9748-497F-8703-2E47ACBFD55A}.Release|Any CPU.Build.0 = Release|Any CPU
		{6024B037-9748-497F-8703-2E47ACBFD55A}.Release|x64.ActiveCfg = Release|Any CPU
		{6024B037-9748-497F-8703-2E47ACBFD55A}.Release|x64.Build.0 = Release|Any CPU
		{6024B037-9748-497F-8703-2E47ACBFD55A}.Release|x86.ActiveCfg = Release|Any CPU
		{6024B037-9748-497F-8703-2E47ACBFD55A}.Release|x86.Build.0 = Release|Any CPU
		{93EAF282-63B4-4F93-BD92-69D612E49761}.Debug|Any CPU.ActiveCfg = Debug|Any CPU
		{93EAF282-63B4-4F93-BD92-69D612E49761}.Debug|Any CPU.Build.0 = Debug|Any CPU
		{93EAF282-63B4-4F93-BD92-69D612E49761}.Debug|x64.ActiveCfg = Debug|Any CPU
		{93EAF282-63B4-4F93-BD92-69D612E49761}.Debug|x64.Build.0 = Debug|Any CPU
		{93EAF282-63B4-4F93-BD92-69D612E49761}.Debug|x86.ActiveCfg = Debug|Any CPU
		{93EAF282-63B4-4F93-BD92-69D612E49761}.Debug|x86.Build.0 = Debug|Any CPU
		{93EAF282-63B4-4F93-BD92-69D612E49761}.Release|Any CPU.ActiveCfg = Release|Any CPU
		{93EAF282-63B4-4F93-BD92-69D612E49761}.Release|Any CPU.Build.0 = Release|Any CPU
		{93EAF282-63B4-4F93-BD92-69D612E49761}.Release|x64.ActiveCfg = Release|Any CPU
		{93EAF282-63B4-4F93-BD92-69D612E49761}.Release|x64.Build.0 = Release|Any CPU
		{93EAF282-63B4-4F93-BD92-69D612E49761}.Release|x86.ActiveCfg = Release|Any CPU
		{93EAF282-63B4-4F93-BD92-69D612E49761}.Release|x86.Build.0 = Release|Any CPU
		{084E1320-98AF-454B-BEF3-3E21C9A5566E}.Debug|Any CPU.ActiveCfg = Debug|Any CPU
		{084E1320-98AF-454B-BEF3-3E21C9A5566E}.Debug|Any CPU.Build.0 = Debug|Any CPU
		{084E1320-98AF-454B-BEF3-3E21C9A5566E}.Debug|x64.ActiveCfg = Debug|Any CPU
		{084E1320-98AF-454B-BEF3-3E21C9A5566E}.Debug|x64.Build.0 = Debug|Any CPU
		{084E1320-98AF-454B-BEF3-3E21C9A5566E}.Debug|x86.ActiveCfg = Debug|Any CPU
		{084E1320-98AF-454B-BEF3-3E21C9A5566E}.Debug|x86.Build.0 = Debug|Any CPU
		{084E1320-98AF-454B-BEF3-3E21C9A5566E}.Release|Any CPU.ActiveCfg = Release|Any CPU
		{084E1320-98AF-454B-BEF3-3E21C9A5566E}.Release|Any CPU.Build.0 = Release|Any CPU
		{084E1320-98AF-454B-BEF3-3E21C9A5566E}.Release|x64.ActiveCfg = Release|Any CPU
		{084E1320-98AF-454B-BEF3-3E21C9A5566E}.Release|x64.Build.0 = Release|Any CPU
		{084E1320-98AF-454B-BEF3-3E21C9A5566E}.Release|x86.ActiveCfg = Release|Any CPU
		{084E1320-98AF-454B-BEF3-3E21C9A5566E}.Release|x86.Build.0 = Release|Any CPU
		{703559B5-8DC1-4C31-B4A8-BC04A0E184FA}.Debug|Any CPU.ActiveCfg = Debug|Any CPU
		{703559B5-8DC1-4C31-B4A8-BC04A0E184FA}.Debug|Any CPU.Build.0 = Debug|Any CPU
		{703559B5-8DC1-4C31-B4A8-BC04A0E184FA}.Debug|x64.ActiveCfg = Debug|Any CPU
		{703559B5-8DC1-4C31-B4A8-BC04A0E184FA}.Debug|x64.Build.0 = Debug|Any CPU
		{703559B5-8DC1-4C31-B4A8-BC04A0E184FA}.Debug|x86.ActiveCfg = Debug|Any CPU
		{703559B5-8DC1-4C31-B4A8-BC04A0E184FA}.Debug|x86.Build.0 = Debug|Any CPU
		{703559B5-8DC1-4C31-B4A8-BC04A0E184FA}.Release|Any CPU.ActiveCfg = Release|Any CPU
		{703559B5-8DC1-4C31-B4A8-BC04A0E184FA}.Release|Any CPU.Build.0 = Release|Any CPU
		{703559B5-8DC1-4C31-B4A8-BC04A0E184FA}.Release|x64.ActiveCfg = Release|Any CPU
		{703559B5-8DC1-4C31-B4A8-BC04A0E184FA}.Release|x64.Build.0 = Release|Any CPU
		{703559B5-8DC1-4C31-B4A8-BC04A0E184FA}.Release|x86.ActiveCfg = Release|Any CPU
		{703559B5-8DC1-4C31-B4A8-BC04A0E184FA}.Release|x86.Build.0 = Release|Any CPU
		{C9C417BA-F586-4199-9AEA-C19248C64FF0}.Debug|Any CPU.ActiveCfg = Debug|Any CPU
		{C9C417BA-F586-4199-9AEA-C19248C64FF0}.Debug|Any CPU.Build.0 = Debug|Any CPU
		{C9C417BA-F586-4199-9AEA-C19248C64FF0}.Debug|x64.ActiveCfg = Debug|Any CPU
		{C9C417BA-F586-4199-9AEA-C19248C64FF0}.Debug|x64.Build.0 = Debug|Any CPU
		{C9C417BA-F586-4199-9AEA-C19248C64FF0}.Debug|x86.ActiveCfg = Debug|Any CPU
		{C9C417BA-F586-4199-9AEA-C19248C64FF0}.Debug|x86.Build.0 = Debug|Any CPU
		{C9C417BA-F586-4199-9AEA-C19248C64FF0}.Release|Any CPU.ActiveCfg = Release|Any CPU
		{C9C417BA-F586-4199-9AEA-C19248C64FF0}.Release|Any CPU.Build.0 = Release|Any CPU
		{C9C417BA-F586-4199-9AEA-C19248C64FF0}.Release|x64.ActiveCfg = Release|Any CPU
		{C9C417BA-F586-4199-9AEA-C19248C64FF0}.Release|x64.Build.0 = Release|Any CPU
		{C9C417BA-F586-4199-9AEA-C19248C64FF0}.Release|x86.ActiveCfg = Release|Any CPU
		{C9C417BA-F586-4199-9AEA-C19248C64FF0}.Release|x86.Build.0 = Release|Any CPU
		{EE94EFF4-2022-4DD4-B3F0-1059A4770DA2}.Debug|Any CPU.ActiveCfg = Debug|Any CPU
		{EE94EFF4-2022-4DD4-B3F0-1059A4770DA2}.Debug|Any CPU.Build.0 = Debug|Any CPU
		{EE94EFF4-2022-4DD4-B3F0-1059A4770DA2}.Debug|x64.ActiveCfg = Debug|Any CPU
		{EE94EFF4-2022-4DD4-B3F0-1059A4770DA2}.Debug|x64.Build.0 = Debug|Any CPU
		{EE94EFF4-2022-4DD4-B3F0-1059A4770DA2}.Debug|x86.ActiveCfg = Debug|Any CPU
		{EE94EFF4-2022-4DD4-B3F0-1059A4770DA2}.Debug|x86.Build.0 = Debug|Any CPU
		{EE94EFF4-2022-4DD4-B3F0-1059A4770DA2}.Release|Any CPU.ActiveCfg = Release|Any CPU
		{EE94EFF4-2022-4DD4-B3F0-1059A4770DA2}.Release|Any CPU.Build.0 = Release|Any CPU
		{EE94EFF4-2022-4DD4-B3F0-1059A4770DA2}.Release|x64.ActiveCfg = Release|Any CPU
		{EE94EFF4-2022-4DD4-B3F0-1059A4770DA2}.Release|x64.Build.0 = Release|Any CPU
		{EE94EFF4-2022-4DD4-B3F0-1059A4770DA2}.Release|x86.ActiveCfg = Release|Any CPU
		{EE94EFF4-2022-4DD4-B3F0-1059A4770DA2}.Release|x86.Build.0 = Release|Any CPU
	EndGlobalSection
	GlobalSection(SolutionProperties) = preSolution
		HideSolutionNode = FALSE
	EndGlobalSection
	GlobalSection(NestedProjects) = preSolution
		{C9C417BA-F586-4199-9AEA-C19248C64FF0} = {0AB3BF05-4346-4AA6-1389-037BE0695223}
		{EE94EFF4-2022-4DD4-B3F0-1059A4770DA2} = {0AB3BF05-4346-4AA6-1389-037BE0695223}
	EndGlobalSection
EndGlobal
